
Microsoft Visual Studio Solution File, Format Version 12.00
# Visual Studio Version 16
VisualStudioVersion = 16.0.31702.278
MinimumVisualStudioVersion = 10.0.40219.1
Project("{FAE04EC0-301F-11D3-BF4B-00C04F79EFBC}") = "NetBlog.Shared", "NetBlog.Shared\NetBlog.Shared.csproj", "{0A978A23-75AB-40D9-ADB0-383AB012A276}"
EndProject
Project("{FAE04EC0-301F-11D3-BF4B-00C04F79EFBC}") = "NetBlog.Entities", "NetBlog.Entities\NetBlog.Entities.csproj", "{DB6B9BCE-991C-4A4E-9D14-54A5937021EF}"
EndProject
Project("{FAE04EC0-301F-11D3-BF4B-00C04F79EFBC}") = "NetBlog.Data", "NetBlog.Data\NetBlog.Data.csproj", "{0BAEEC0F-DAD8-4E21-8EBB-C43CA063B756}"
EndProject
Project("{FAE04EC0-301F-11D3-BF4B-00C04F79EFBC}") = "NetBlog.Services", "NetBlog.Services\NetBlog.Services.csproj", "{893AA119-5E62-4CE1-8834-97B51D7B2C4B}"
EndProject
Project("{FAE04EC0-301F-11D3-BF4B-00C04F79EFBC}") = "NetBlog.Mvc", "NetBlog.Mvc\NetBlog.Mvc.csproj", "{6059B315-25B2-490B-AF30-C6DC9131014B}"
EndProject
Global
	GlobalSection(SolutionConfigurationPlatforms) = preSolution
		Debug|Any CPU = Debug|Any CPU
		Release|Any CPU = Release|Any CPU
	EndGlobalSection
	GlobalSection(ProjectConfigurationPlatforms) = postSolution
		{0A978A23-75AB-40D9-ADB0-383AB012A276}.Debug|Any CPU.ActiveCfg = Debug|Any CPU
		{0A978A23-75AB-40D9-ADB0-383AB012A276}.Debug|Any CPU.Build.0 = Debug|Any CPU
		{0A978A23-75AB-40D9-ADB0-383AB012A276}.Release|Any CPU.ActiveCfg = Release|Any CPU
		{0A978A23-75AB-40D9-ADB0-383AB012A276}.Release|Any CPU.Build.0 = Release|Any CPU
		{DB6B9BCE-991C-4A4E-9D14-54A5937021EF}.Debug|Any CPU.ActiveCfg = Debug|Any CPU
		{DB6B9BCE-991C-4A4E-9D14-54A5937021EF}.Debug|Any CPU.Build.0 = Debug|Any CPU
		{DB6B9BCE-991C-4A4E-9D14-54A5937021EF}.Release|Any CPU.ActiveCfg = Release|Any CPU
		{DB6B9BCE-991C-4A4E-9D14-54A5937021EF}.Release|Any CPU.Build.0 = Release|Any CPU
		{0BAEEC0F-DAD8-4E21-8EBB-C43CA063B756}.Debug|Any CPU.ActiveCfg = Debug|Any CPU
		{0BAEEC0F-DAD8-4E21-8EBB-C43CA063B756}.Debug|Any CPU.Build.0 = Debug|Any CPU
		{0BAEEC0F-DAD8-4E21-8EBB-C43CA063B756}.Release|Any CPU.ActiveCfg = Release|Any CPU
		{0BAEEC0F-DAD8-4E21-8EBB-C43CA063B756}.Release|Any CPU.Build.0 = Release|Any CPU
		{893AA119-5E62-4CE1-8834-97B51D7B2C4B}.Debug|Any CPU.ActiveCfg = Debug|Any CPU
		{893AA119-5E62-4CE1-8834-97B51D7B2C4B}.Debug|Any CPU.Build.0 = Debug|Any CPU
		{893AA119-5E62-4CE1-8834-97B51D7B2C4B}.Release|Any CPU.ActiveCfg = Release|Any CPU
		{893AA119-5E62-4CE1-8834-97B51D7B2C4B}.Release|Any CPU.Build.0 = Release|Any CPU
		{6059B315-25B2-490B-AF30-C6DC9131014B}.Debug|Any CPU.ActiveCfg = Debug|Any CPU
		{6059B315-25B2-490B-AF30-C6DC9131014B}.Debug|Any CPU.Build.0 = Debug|Any CPU
		{6059B315-25B2-490B-AF30-C6DC9131014B}.Release|Any CPU.ActiveCfg = Release|Any CPU
		{6059B315-25B2-490B-AF30-C6DC9131014B}.Release|Any CPU.Build.0 = Release|Any CPU
	EndGlobalSection
	GlobalSection(SolutionProperties) = preSolution
		HideSolutionNode = FALSE
	EndGlobalSection
	GlobalSection(ExtensibilityGlobals) = postSolution
		SolutionGuid = {D8655DFF-F5B9-4C7B-9082-2DA9364AEAFA}
	EndGlobalSection
EndGlobal
